{
    "_meta": {
        "hash": {
            "sha256": "122164993185d93acdee8651e054fdeda85ff81e2ca2262f8448176fb4d101c7"
        },
        "pipfile-spec": 6,
        "requires": {
            "python_version": "3.12"
        },
        "sources": [
            {
                "name": "pypi",
                "url": "https://thavaahariharangit@github.com:${secrets.JFROG_ARTIFACTORY_TOKEN}@jfrogghdemo.jfrog.io/artifactory/dependabot-pip",
                "verify_ssl": true
            }
        ]
    },
    "default": {
        "structlog": {
            "hashes": [
                "sha256:843fe4f254540329f380812cbe612e1af5ec5b8172205ae634679cd35a6d6321"
            ],
            "index": "dependabot-inserted-index-0",
            "version": "==25.1.0"
        }
    },
    "develop": {}
}
