{
    "_meta": {
        "hash": {
            "sha256": "19b6429ec58e839cf8212fe51aa4c365282f4d7d27141b75e5d6409fc1aa6d89"
        },
        "pipfile-spec": 6,
        "requires": {
            "python_version": "3.12"
        },
        "sources": [
            {
                "name": "pypi",
                "url": "https://pypi.org/simple",
                "verify_ssl": true
            }
        ]
    },
    "default": {
        "structlog": {
            "hashes": [
                "sha256:2ef2a572e0e27f09664965d31a576afe64e46ac6084ef5cec3c2b8cd6e4e3ad3",
                "sha256:843fe4f254540329f380812cbe612e1af5ec5b8172205ae634679cd35a6d6321"
            ],
            "index": "pypi",
            "markers": "python_version >= '3.8'",
            "version": "==25.1.0"
        }
    },
    "develop": {}
}
